
Microsoft Visual Studio Solution File, Format Version 12.00
# Visual Studio 15
VisualStudioVersion = 15.0.27428.1
MinimumVisualStudioVersion = 10.0.40219.1
Project("{8BC9CEB8-8B4A-11D0-8D11-00A0C91BC942}") = "puss", "puss\puss.vcxproj", "{C9A46A5F-2AB1-40DE-A134-A37346E47E9C}"
EndProject
Project("{2150E333-8FDC-42A3-9474-1A3956D46DE8}") = "modules", "modules", "{EA77CC37-897E-41E8-B54C-552B5A7CAFF0}"
EndProject
Project("{8BC9CEB8-8B4A-11D0-8D11-00A0C91BC942}") = "puss_core", "modules\puss_core\puss_core.vcxproj", "{0B22875A-0FAD-4859-9D67-99EA0AB8D3D2}"
EndProject
Project("{8BC9CEB8-8B4A-11D0-8D11-00A0C91BC942}") = "puss_socket", "modules\puss_socket\puss_socket.vcxproj", "{CF27D656-24A4-4A0D-B36E-E82F33257FD3}"
	ProjectSection(ProjectDependencies) = postProject
		{0B22875A-0FAD-4859-9D67-99EA0AB8D3D2} = {0B22875A-0FAD-4859-9D67-99EA0AB8D3D2}
	EndProjectSection
EndProject
Project("{8BC9CEB8-8B4A-11D0-8D11-00A0C91BC942}") = "puss_nuklear", "modules\puss_nuklear\puss_nuklear.vcxproj", "{B3732509-513E-4082-AC4D-54F5260CAF20}"
	ProjectSection(ProjectDependencies) = postProject
		{0B22875A-0FAD-4859-9D67-99EA0AB8D3D2} = {0B22875A-0FAD-4859-9D67-99EA0AB8D3D2}
	EndProjectSection
EndProject
Project("{8BC9CEB8-8B4A-11D0-8D11-00A0C91BC942}") = "puss_nuklear_scintilla", "modules\puss_nuklear_scintilla\puss_nuklear_scintilla.vcxproj", "{0FF71CC9-28EE-4401-BD83-5B81539ECBF2}"
	ProjectSection(ProjectDependencies) = postProject
		{B3732509-513E-4082-AC4D-54F5260CAF20} = {B3732509-513E-4082-AC4D-54F5260CAF20}
		{0B22875A-0FAD-4859-9D67-99EA0AB8D3D2} = {0B22875A-0FAD-4859-9D67-99EA0AB8D3D2}
	EndProjectSection
EndProject
Project("{2150E333-8FDC-42A3-9474-1A3956D46DE8}") = "3rd", "3rd", "{5EC508B0-55F5-42E8-B165-52E7970D3CAD}"
EndProject
Global
	GlobalSection(SolutionConfigurationPlatforms) = preSolution
		Debug|x64 = Debug|x64
		Release|x64 = Release|x64
	EndGlobalSection
	GlobalSection(ProjectConfigurationPlatforms) = postSolution
		{C9A46A5F-2AB1-40DE-A134-A37346E47E9C}.Debug|x64.ActiveCfg = Debug|x64
		{C9A46A5F-2AB1-40DE-A134-A37346E47E9C}.Debug|x64.Build.0 = Debug|x64
		{C9A46A5F-2AB1-40DE-A134-A37346E47E9C}.Release|x64.ActiveCfg = Release|x64
		{C9A46A5F-2AB1-40DE-A134-A37346E47E9C}.Release|x64.Build.0 = Release|x64
		{0B22875A-0FAD-4859-9D67-99EA0AB8D3D2}.Debug|x64.ActiveCfg = Debug|x64
		{0B22875A-0FAD-4859-9D67-99EA0AB8D3D2}.Debug|x64.Build.0 = Debug|x64
		{0B22875A-0FAD-4859-9D67-99EA0AB8D3D2}.Release|x64.ActiveCfg = Release|x64
		{0B22875A-0FAD-4859-9D67-99EA0AB8D3D2}.Release|x64.Build.0 = Release|x64
		{CF27D656-24A4-4A0D-B36E-E82F33257FD3}.Debug|x64.ActiveCfg = Debug|x64
		{CF27D656-24A4-4A0D-B36E-E82F33257FD3}.Debug|x64.Build.0 = Debug|x64
		{CF27D656-24A4-4A0D-B36E-E82F33257FD3}.Release|x64.ActiveCfg = Release|x64
		{CF27D656-24A4-4A0D-B36E-E82F33257FD3}.Release|x64.Build.0 = Release|x64
		{B3732509-513E-4082-AC4D-54F5260CAF20}.Debug|x64.ActiveCfg = Debug|x64
		{B3732509-513E-4082-AC4D-54F5260CAF20}.Debug|x64.Build.0 = Debug|x64
		{B3732509-513E-4082-AC4D-54F5260CAF20}.Release|x64.ActiveCfg = Release|x64
		{B3732509-513E-4082-AC4D-54F5260CAF20}.Release|x64.Build.0 = Release|x64
		{0FF71CC9-28EE-4401-BD83-5B81539ECBF2}.Debug|x64.ActiveCfg = Debug|x64
		{0FF71CC9-28EE-4401-BD83-5B81539ECBF2}.Debug|x64.Build.0 = Debug|x64
		{0FF71CC9-28EE-4401-BD83-5B81539ECBF2}.Release|x64.ActiveCfg = Release|x64
		{0FF71CC9-28EE-4401-BD83-5B81539ECBF2}.Release|x64.Build.0 = Release|x64
	EndGlobalSection
	GlobalSection(SolutionProperties) = preSolution
		HideSolutionNode = FALSE
	EndGlobalSection
	GlobalSection(NestedProjects) = preSolution
		{0B22875A-0FAD-4859-9D67-99EA0AB8D3D2} = {EA77CC37-897E-41E8-B54C-552B5A7CAFF0}
		{CF27D656-24A4-4A0D-B36E-E82F33257FD3} = {EA77CC37-897E-41E8-B54C-552B5A7CAFF0}
		{B3732509-513E-4082-AC4D-54F5260CAF20} = {EA77CC37-897E-41E8-B54C-552B5A7CAFF0}
		{0FF71CC9-28EE-4401-BD83-5B81539ECBF2} = {EA77CC37-897E-41E8-B54C-552B5A7CAFF0}
	EndGlobalSection
	GlobalSection(ExtensibilityGlobals) = postSolution
		SolutionGuid = {4CAFCE2B-9E1E-4D1D-9979-781016886863}
	EndGlobalSection
EndGlobal
