
Microsoft Visual Studio Solution File, Format Version 12.00
# Visual Studio 15
VisualStudioVersion = 15.0.27428.1
MinimumVisualStudioVersion = 10.0.40219.1
Project("{8BC9CEB8-8B4A-11D0-8D11-00A0C91BC942}") = "puss", "puss\puss.vcxproj", "{C9A46A5F-2AB1-40DE-A134-A37346E47E9C}"
EndProject
Project("{2150E333-8FDC-42A3-9474-1A3956D46DE8}") = "plugins", "plugins", "{EA77CC37-897E-41E8-B54C-552B5A7CAFF0}"
EndProject
Project("{8BC9CEB8-8B4A-11D0-8D11-00A0C91BC942}") = "puss_imgui", "plugins\puss_imgui\puss_imgui.vcxproj", "{FBEAE7E3-3F48-484C-978A-516C31D18862}"
EndProject
Project("{8BC9CEB8-8B4A-11D0-8D11-00A0C91BC942}") = "puss_imgui_glfw", "plugins\puss_imgui\puss_imgui_glfw.vcxproj", "{5EED7033-AF66-45F1-A199-27561C719F38}"
EndProject
Project("{8BC9CEB8-8B4A-11D0-8D11-00A0C91BC942}") = "puss_system", "plugins\puss_system\puss_system.vcxproj", "{CF27D656-24A4-4A0D-B36E-E82F33257FD3}"
EndProject
Project("{8BC9CEB8-8B4A-11D0-8D11-00A0C91BC942}") = "puss_toolkit", "puss_toolkit\puss_toolkit.vcxproj", "{6203C836-94E5-4EAE-9520-012E449058CF}"
EndProject
Global
	GlobalSection(SolutionConfigurationPlatforms) = preSolution
		Debug|x64 = Debug|x64
		Release|x64 = Release|x64
	EndGlobalSection
	GlobalSection(ProjectConfigurationPlatforms) = postSolution
		{C9A46A5F-2AB1-40DE-A134-A37346E47E9C}.Debug|x64.ActiveCfg = Debug|x64
		{C9A46A5F-2AB1-40DE-A134-A37346E47E9C}.Debug|x64.Build.0 = Debug|x64
		{C9A46A5F-2AB1-40DE-A134-A37346E47E9C}.Release|x64.ActiveCfg = Release|x64
		{C9A46A5F-2AB1-40DE-A134-A37346E47E9C}.Release|x64.Build.0 = Release|x64
		{FBEAE7E3-3F48-484C-978A-516C31D18862}.Debug|x64.ActiveCfg = Debug|x64
		{FBEAE7E3-3F48-484C-978A-516C31D18862}.Debug|x64.Build.0 = Debug|x64
		{FBEAE7E3-3F48-484C-978A-516C31D18862}.Release|x64.ActiveCfg = Release|x64
		{FBEAE7E3-3F48-484C-978A-516C31D18862}.Release|x64.Build.0 = Release|x64
		{5EED7033-AF66-45F1-A199-27561C719F38}.Debug|x64.ActiveCfg = Debug|x64
		{5EED7033-AF66-45F1-A199-27561C719F38}.Debug|x64.Build.0 = Debug|x64
		{5EED7033-AF66-45F1-A199-27561C719F38}.Release|x64.ActiveCfg = Release|x64
		{5EED7033-AF66-45F1-A199-27561C719F38}.Release|x64.Build.0 = Release|x64
		{CF27D656-24A4-4A0D-B36E-E82F33257FD3}.Debug|x64.ActiveCfg = Debug|x64
		{CF27D656-24A4-4A0D-B36E-E82F33257FD3}.Debug|x64.Build.0 = Debug|x64
		{CF27D656-24A4-4A0D-B36E-E82F33257FD3}.Release|x64.ActiveCfg = Release|x64
		{CF27D656-24A4-4A0D-B36E-E82F33257FD3}.Release|x64.Build.0 = Release|x64
		{6203C836-94E5-4EAE-9520-012E449058CF}.Debug|x64.ActiveCfg = Debug|x64
		{6203C836-94E5-4EAE-9520-012E449058CF}.Debug|x64.Build.0 = Debug|x64
		{6203C836-94E5-4EAE-9520-012E449058CF}.Release|x64.ActiveCfg = Release|x64
		{6203C836-94E5-4EAE-9520-012E449058CF}.Release|x64.Build.0 = Release|x64
	EndGlobalSection
	GlobalSection(SolutionProperties) = preSolution
		HideSolutionNode = FALSE
	EndGlobalSection
	GlobalSection(NestedProjects) = preSolution
		{FBEAE7E3-3F48-484C-978A-516C31D18862} = {EA77CC37-897E-41E8-B54C-552B5A7CAFF0}
		{5EED7033-AF66-45F1-A199-27561C719F38} = {EA77CC37-897E-41E8-B54C-552B5A7CAFF0}
		{CF27D656-24A4-4A0D-B36E-E82F33257FD3} = {EA77CC37-897E-41E8-B54C-552B5A7CAFF0}
	EndGlobalSection
	GlobalSection(ExtensibilityGlobals) = postSolution
		SolutionGuid = {4CAFCE2B-9E1E-4D1D-9979-781016886863}
	EndGlobalSection
EndGlobal
