<?xml version="1.0" encoding="utf-8"?>
<Project ToolsVersion="4.0" xmlns="http://schemas.microsoft.com/developer/msbuild/2003">
  <ItemGroup>
    <None Include="thread_utils.h" />
    <None Include="puss_debug.inl" />
    <None Include="puss_plugin.inl" />
    <None Include="puss_tinycc.inl" />
  </ItemGroup>
  <ItemGroup>
    <ClInclude Include="rbx_tree.h" />
    <ClInclude Include="puss_toolkit.h" />
  </ItemGroup>
  <ItemGroup>
    <ClCompile Include="rbx_tree.c" />
    <ClCompile Include="simple_pickle.c" />
    <ClCompile Include="puss_utils.c" />
    <ClCompile Include="simple_luastate.c" />
    <ClCompile Include="async_service.c" />
    <ClCompile Include="puss_core.c" />
    <ClCompile Include="thread_lib.c" />
  </ItemGroup>
</Project>