<?xml version="1.0" encoding="utf-8"?>
<Project ToolsVersion="4.0" xmlns="http://schemas.microsoft.com/developer/msbuild/2003">
  <ItemGroup>
    <ClCompile Include="puss_module_linenoise_ng.c" />
    <ClCompile Include="ConvertUTF.cpp" />
    <ClCompile Include="linenoise.cpp" />
    <ClCompile Include="wcwidth.cpp" />
  </ItemGroup>
  <ItemGroup>
    <ClInclude Include="linenoise.h" />
    <ClInclude Include="ConvertUTF.h" />
  </ItemGroup>
</Project>