<?xml version="1.0" encoding="utf-8"?>
<Project ToolsVersion="4.0" xmlns="http://schemas.microsoft.com/developer/msbuild/2003">
  <ItemGroup>
    <ClCompile Include="puss_module_tinycc.c" />
    <ClCompile Include="tinycc\libtcc.c">
      <Filter>tinycc</Filter>
    </ClCompile>
    <ClCompile Include="tinycc\tcctools.c">
      <Filter>tinycc</Filter>
    </ClCompile>
    <ClCompile Include="tinycc\tccpp.c">
      <Filter>tinycc</Filter>
    </ClCompile>
    <ClCompile Include="tinycc\tccrun.c">
      <Filter>tinycc</Filter>
    </ClCompile>
    <ClCompile Include="tinycc\tccelf.c">
      <Filter>tinycc</Filter>
    </ClCompile>
    <ClCompile Include="tinycc\tccgen.c">
      <Filter>tinycc</Filter>
    </ClCompile>
    <ClCompile Include="tinycc\tccpe.c">
      <Filter>tinycc</Filter>
    </ClCompile>
    <ClCompile Include="tinycc\x86_64-gen.c">
      <Filter>tinycc</Filter>
    </ClCompile>
    <ClCompile Include="tinycc\x86_64-link.c">
      <Filter>tinycc</Filter>
    </ClCompile>
  </ItemGroup>
  <ItemGroup>
    <Filter Include="tinycc">
      <UniqueIdentifier>{619534af-6e40-4120-92f8-9c1642daddd6}</UniqueIdentifier>
    </Filter>
  </ItemGroup>
  <ItemGroup>
    <ClInclude Include="tinycc\elf.h">
      <Filter>tinycc</Filter>
    </ClInclude>
    <ClInclude Include="tinycc\libtcc.h">
      <Filter>tinycc</Filter>
    </ClInclude>
    <ClInclude Include="tinycc\stab.h">
      <Filter>tinycc</Filter>
    </ClInclude>
    <ClInclude Include="tinycc\tcc.h">
      <Filter>tinycc</Filter>
    </ClInclude>
    <ClInclude Include="tinycc\x86_64-asm.h">
      <Filter>tinycc</Filter>
    </ClInclude>
    <ClInclude Include="tinycc\tcctok.h">
      <Filter>tinycc</Filter>
    </ClInclude>
    <ClInclude Include="tinycc\i386-tok.h">
      <Filter>tinycc</Filter>
    </ClInclude>
    <ClInclude Include="tinycc\config.h">
      <Filter>tinycc</Filter>
    </ClInclude>
  </ItemGroup>
  <ItemGroup>
    <None Include="tinycc\stab.def">
      <Filter>tinycc</Filter>
    </None>
    <None Include="puss_tinycc.inl" />
    <None Include="puss_tccdbg.inl" />
  </ItemGroup>
</Project>